PODS:
  - AMapFoundation (1.8.0)
  - AMapLocation (2.9.0):
    - AMapFoundation (>= 1.7.0)
  - Flutter (1.0.0)
  - plugin_test (0.0.1):
    - AMapLocation
    - Flutter

DEPENDENCIES:
  - Flutter (from `Flutter`)
  - plugin_test (from `.symlinks/plugins/plugin_test/ios`)

SPEC REPOS:
  trunk:
    - AMapFoundation
    - AMapLocation

EXTERNAL SOURCES:
  Flutter:
    :path: Flutter
  plugin_test:
    :path: ".symlinks/plugins/plugin_test/ios"

SPEC CHECKSUMS:
  AMapFoundation: f48153f724114b58da9b01875ab88a1f6856e3db
  AMapLocation: f5eb11e11c62f0f599f80b578eec8a1f70deb985
  Flutter: f04841e97a9d0b0a8025694d0796dd46242b2854
  plugin_test: be626ee24c90d64161d939131b1707cd72e96a53

PODFILE CHECKSUM: 21b64fbb12492d731c9be90cbe0f2d328bef4b49

COCOAPODS: 1.11.3
